{
    "version": "0.5",
    "requires": [
        "zlib/1.3.1#b8bc2603263cf7eccbd6e17e66b0ed76%1745733265.169",
        "xxhash/0.8.2#7856c968c985b2981b707ee8f2413b2b%1745733265.369",
        "xrpl/2.5.0-rc1#e5897e048ea5712d2c71561c507d949d%1749232354.05",
        "sqlite3/3.47.0#7a0904fd061f5f8a2366c294f9387830%1745733265.179",
        "soci/4.0.3#a9f8d773cd33e356b5879a4b0564f287%1745996961.386",
        "re2/20230301#dfd6e2bf050eb90ddd8729cfb4c844a4%1748907478.301",
        "rapidjson/cci.20220822#1b9d8c2256876a154172dc5cfbe447c6%1745998516.625",
        "protobuf/3.21.12#d927114e28de9f4691a6bbcdd9a529d1%1748907473.682",
        "openssl/1.1.1v#216374e4fb5b2e0f5ab1fb6f27b5b434%1745733265.17",
        "nudb/2.0.8#63990d3e517038e04bf529eb8167f69f%1745995837.29",
        "minizip/1.2.13#9e87d57804bd372d6d1e32b1871517a3%1745998515.33",
        "lz4/1.10.0#59fc63cac7f10fbe8e05c7e62c2f3504%1745733265.361",
        "libuv/1.46.0#78565d142ac7102776256328a26cdf60%1745998515.314",
        "libiconv/1.17#1ae2f60ab5d08de1643a22a81b360c59%1745984706.599",
        "libbacktrace/cci.20210118#a7691bfccd8caaf66309df196790a5a1%1745733265.166",
        "libarchive/3.7.6#e0453864b2a4d225f06b3304903cb2b7%1745733265.013",
        "http_parser/2.9.4#98d91690d6fd021e9e624218a85d9d97%1745998514.902",
        "gtest/1.14.0#f8f0757a574a8dd747d16af62d6eb1b7%1749481752.277",
        "grpc/1.50.1#02291451d1e17200293a409410d1c4e1%1748907469.938",
        "fmt/10.1.1#021e170cf81db57da82b5f737b6906c1%1745998514.906",
        "date/3.0.3#cf28fe9c0aab99fe12da08aa42df65e1%1745733264.487",
        "cassandra-cpp-driver/2.17.0#e50919efac8418c26be6671fd702540a%1745998514.898",
        "c-ares/1.34.5#b78b91e7cfb1f11ce777a285bbf169c6%1748907468.021",
        "bzip2/1.0.8#00b4a4658791c1f06914e087f0e792f5%1745733264.985",
        "boost/1.83.0#8eb22f36ddfb61f54bbc412c4555bd66%1748907463.167",
        "benchmark/1.8.3#1a2ce62c99e2b3feaa57b1f0c15a8c46%1724323740.181",
        "abseil/20230802.1#f0f91485b111dc9837a68972cb19ca7b%1748907459.618"
    ],
    "build_requires": [
        "zlib/1.3.1#b8bc2603263cf7eccbd6e17e66b0ed76%1745733265.169",
        "protobuf/3.21.12#d927114e28de9f4691a6bbcdd9a529d1%1748907473.682",
        "protobuf/3.21.9#64ce20e1d9ea24f3d6c504015d5f6fa8%1748596927.759",
        "cmake/3.31.6#ed0e6c1d49bd564ce6fed1a19653b86d%1745733264.493",
        "b2/5.3.2#7b5fabfe7088ae933fb3e78302343ea0%1745733264.471"
    ],
    "python_requires": [],
    "overrides": {
        "boost/1.83.0": [
            null,
            "boost/1.83.0#8eb22f36ddfb61f54bbc412c4555bd66"
        ],
        "protobuf/3.21.9": [
            null,
            "protobuf/3.21.12"
        ],
        "lz4/1.9.4": [
            "lz4/1.10.0"
        ],
        "sqlite3/3.44.2": [
            "sqlite3/3.47.0"
        ]
    },
    "config_requires": []
}